
Microsoft Visual Studio Solution File, Format Version 12.00
# Visual Studio Version 16
VisualStudioVersion = 16.0.30002.166
MinimumVisualStudioVersion = 10.0.40219.1
Project("{FAE04EC0-301F-11D3-BF4B-00C04F79EFBC}") = "COVIDApp.UWP", "COVIDApp\COVIDApp.UWP\COVIDApp.UWP.csproj", "{2D2997EC-00BA-48AE-AED9-7B54D35DA8F6}"
EndProject
Project("{FAE04EC0-301F-11D3-BF4B-00C04F79EFBC}") = "COVIDApp.Android", "COVIDApp\COVIDApp.Android\COVIDApp.Android.csproj", "{2A3B588B-F344-4962-9C83-C03C0ACCC487}"
EndProject
Project("{FAE04EC0-301F-11D3-BF4B-00C04F79EFBC}") = "COVIDApp.iOS", "COVIDApp\COVIDApp.iOS\COVIDApp.iOS.csproj", "{A06C652E-232C-4C2F-AE65-8954ACB36CFF}"
EndProject
Project("{FAE04EC0-301F-11D3-BF4B-00C04F79EFBC}") = "COVIDApp", "COVIDApp\COVIDApp\COVIDApp.csproj", "{2D076815-9A18-4B26-8254-06C185894B72}"
EndProject
Global
	GlobalSection(SolutionConfigurationPlatforms) = preSolution
		Debug|Any CPU = Debug|Any CPU
		Debug|ARM = Debug|ARM
		Debug|iPhone = Debug|iPhone
		Debug|iPhoneSimulator = Debug|iPhoneSimulator
		Debug|x64 = Debug|x64
		Debug|x86 = Debug|x86
		Release|Any CPU = Release|Any CPU
		Release|ARM = Release|ARM
		Release|iPhone = Release|iPhone
		Release|iPhoneSimulator = Release|iPhoneSimulator
		Release|x64 = Release|x64
		Release|x86 = Release|x86
	EndGlobalSection
	GlobalSection(ProjectConfigurationPlatforms) = postSolution
		{2D2997EC-00BA-48AE-AED9-7B54D35DA8F6}.Debug|Any CPU.ActiveCfg = Debug|x86
		{2D2997EC-00BA-48AE-AED9-7B54D35DA8F6}.Debug|Any CPU.Build.0 = Debug|x86
		{2D2997EC-00BA-48AE-AED9-7B54D35DA8F6}.Debug|Any CPU.Deploy.0 = Debug|x86
		{2D2997EC-00BA-48AE-AED9-7B54D35DA8F6}.Debug|ARM.ActiveCfg = Debug|ARM
		{2D2997EC-00BA-48AE-AED9-7B54D35DA8F6}.Debug|ARM.Build.0 = Debug|ARM
		{2D2997EC-00BA-48AE-AED9-7B54D35DA8F6}.Debug|ARM.Deploy.0 = Debug|ARM
		{2D2997EC-00BA-48AE-AED9-7B54D35DA8F6}.Debug|iPhone.ActiveCfg = Debug|x86
		{2D2997EC-00BA-48AE-AED9-7B54D35DA8F6}.Debug|iPhone.Build.0 = Debug|x86
		{2D2997EC-00BA-48AE-AED9-7B54D35DA8F6}.Debug|iPhone.Deploy.0 = Debug|x86
		{2D2997EC-00BA-48AE-AED9-7B54D35DA8F6}.Debug|iPhoneSimulator.ActiveCfg = Debug|x86
		{2D2997EC-00BA-48AE-AED9-7B54D35DA8F6}.Debug|iPhoneSimulator.Build.0 = Debug|x86
		{2D2997EC-00BA-48AE-AED9-7B54D35DA8F6}.Debug|iPhoneSimulator.Deploy.0 = Debug|x86
		{2D2997EC-00BA-48AE-AED9-7B54D35DA8F6}.Debug|x64.ActiveCfg = Debug|x64
		{2D2997EC-00BA-48AE-AED9-7B54D35DA8F6}.Debug|x64.Build.0 = Debug|x64
		{2D2997EC-00BA-48AE-AED9-7B54D35DA8F6}.Debug|x64.Deploy.0 = Debug|x64
		{2D2997EC-00BA-48AE-AED9-7B54D35DA8F6}.Debug|x86.ActiveCfg = Debug|x86
		{2D2997EC-00BA-48AE-AED9-7B54D35DA8F6}.Debug|x86.Build.0 = Debug|x86
		{2D2997EC-00BA-48AE-AED9-7B54D35DA8F6}.Debug|x86.Deploy.0 = Debug|x86
		{2D2997EC-00BA-48AE-AED9-7B54D35DA8F6}.Release|Any CPU.ActiveCfg = Release|x86
		{2D2997EC-00BA-48AE-AED9-7B54D35DA8F6}.Release|Any CPU.Build.0 = Release|x86
		{2D2997EC-00BA-48AE-AED9-7B54D35DA8F6}.Release|Any CPU.Deploy.0 = Release|x86
		{2D2997EC-00BA-48AE-AED9-7B54D35DA8F6}.Release|ARM.ActiveCfg = Release|ARM
		{2D2997EC-00BA-48AE-AED9-7B54D35DA8F6}.Release|ARM.Build.0 = Release|ARM
		{2D2997EC-00BA-48AE-AED9-7B54D35DA8F6}.Release|ARM.Deploy.0 = Release|ARM
		{2D2997EC-00BA-48AE-AED9-7B54D35DA8F6}.Release|iPhone.ActiveCfg = Release|x86
		{2D2997EC-00BA-48AE-AED9-7B54D35DA8F6}.Release|iPhone.Build.0 = Release|x86
		{2D2997EC-00BA-48AE-AED9-7B54D35DA8F6}.Release|iPhone.Deploy.0 = Release|x86
		{2D2997EC-00BA-48AE-AED9-7B54D35DA8F6}.Release|iPhoneSimulator.ActiveCfg = Release|x86
		{2D2997EC-00BA-48AE-AED9-7B54D35DA8F6}.Release|iPhoneSimulator.Build.0 = Release|x86
		{2D2997EC-00BA-48AE-AED9-7B54D35DA8F6}.Release|iPhoneSimulator.Deploy.0 = Release|x86
		{2D2997EC-00BA-48AE-AED9-7B54D35DA8F6}.Release|x64.ActiveCfg = Release|x64
		{2D2997EC-00BA-48AE-AED9-7B54D35DA8F6}.Release|x64.Build.0 = Release|x64
		{2D2997EC-00BA-48AE-AED9-7B54D35DA8F6}.Release|x64.Deploy.0 = Release|x64
		{2D2997EC-00BA-48AE-AED9-7B54D35DA8F6}.Release|x86.ActiveCfg = Release|x86
		{2D2997EC-00BA-48AE-AED9-7B54D35DA8F6}.Release|x86.Build.0 = Release|x86
		{2D2997EC-00BA-48AE-AED9-7B54D35DA8F6}.Release|x86.Deploy.0 = Release|x86
		{2A3B588B-F344-4962-9C83-C03C0ACCC487}.Debug|Any CPU.ActiveCfg = Debug|Any CPU
		{2A3B588B-F344-4962-9C83-C03C0ACCC487}.Debug|Any CPU.Build.0 = Debug|Any CPU
		{2A3B588B-F344-4962-9C83-C03C0ACCC487}.Debug|Any CPU.Deploy.0 = Debug|Any CPU
		{2A3B588B-F344-4962-9C83-C03C0ACCC487}.Debug|ARM.ActiveCfg = Debug|Any CPU
		{2A3B588B-F344-4962-9C83-C03C0ACCC487}.Debug|ARM.Build.0 = Debug|Any CPU
		{2A3B588B-F344-4962-9C83-C03C0ACCC487}.Debug|ARM.Deploy.0 = Debug|Any CPU
		{2A3B588B-F344-4962-9C83-C03C0ACCC487}.Debug|iPhone.ActiveCfg = Debug|Any CPU
		{2A3B588B-F344-4962-9C83-C03C0ACCC487}.Debug|iPhone.Build.0 = Debug|Any CPU
		{2A3B588B-F344-4962-9C83-C03C0ACCC487}.Debug|iPhone.Deploy.0 = Debug|Any CPU
		{2A3B588B-F344-4962-9C83-C03C0ACCC487}.Debug|iPhoneSimulator.ActiveCfg = Debug|Any CPU
		{2A3B588B-F344-4962-9C83-C03C0ACCC487}.Debug|iPhoneSimulator.Build.0 = Debug|Any CPU
		{2A3B588B-F344-4962-9C83-C03C0ACCC487}.Debug|iPhoneSimulator.Deploy.0 = Debug|Any CPU
		{2A3B588B-F344-4962-9C83-C03C0ACCC487}.Debug|x64.ActiveCfg = Debug|Any CPU
		{2A3B588B-F344-4962-9C83-C03C0ACCC487}.Debug|x64.Build.0 = Debug|Any CPU
		{2A3B588B-F344-4962-9C83-C03C0ACCC487}.Debug|x64.Deploy.0 = Debug|Any CPU
		{2A3B588B-F344-4962-9C83-C03C0ACCC487}.Debug|x86.ActiveCfg = Debug|Any CPU
		{2A3B588B-F344-4962-9C83-C03C0ACCC487}.Debug|x86.Build.0 = Debug|Any CPU
		{2A3B588B-F344-4962-9C83-C03C0ACCC487}.Debug|x86.Deploy.0 = Debug|Any CPU
		{2A3B588B-F344-4962-9C83-C03C0ACCC487}.Release|Any CPU.ActiveCfg = Release|Any CPU
		{2A3B588B-F344-4962-9C83-C03C0ACCC487}.Release|Any CPU.Build.0 = Release|Any CPU
		{2A3B588B-F344-4962-9C83-C03C0ACCC487}.Release|Any CPU.Deploy.0 = Release|Any CPU
		{2A3B588B-F344-4962-9C83-C03C0ACCC487}.Release|ARM.ActiveCfg = Release|Any CPU
		{2A3B588B-F344-4962-9C83-C03C0ACCC487}.Release|ARM.Build.0 = Release|Any CPU
		{2A3B588B-F344-4962-9C83-C03C0ACCC487}.Release|ARM.Deploy.0 = Release|Any CPU
		{2A3B588B-F344-4962-9C83-C03C0ACCC487}.Release|iPhone.ActiveCfg = Release|Any CPU
		{2A3B588B-F344-4962-9C83-C03C0ACCC487}.Release|iPhone.Build.0 = Release|Any CPU
		{2A3B588B-F344-4962-9C83-C03C0ACCC487}.Release|iPhone.Deploy.0 = Release|Any CPU
		{2A3B588B-F344-4962-9C83-C03C0ACCC487}.Release|iPhoneSimulator.ActiveCfg = Release|Any CPU
		{2A3B588B-F344-4962-9C83-C03C0ACCC487}.Release|iPhoneSimulator.Build.0 = Release|Any CPU
		{2A3B588B-F344-4962-9C83-C03C0ACCC487}.Release|iPhoneSimulator.Deploy.0 = Release|Any CPU
		{2A3B588B-F344-4962-9C83-C03C0ACCC487}.Release|x64.ActiveCfg = Release|Any CPU
		{2A3B588B-F344-4962-9C83-C03C0ACCC487}.Release|x64.Build.0 = Release|Any CPU
		{2A3B588B-F344-4962-9C83-C03C0ACCC487}.Release|x64.Deploy.0 = Release|Any CPU
		{2A3B588B-F344-4962-9C83-C03C0ACCC487}.Release|x86.ActiveCfg = Release|Any CPU
		{2A3B588B-F344-4962-9C83-C03C0ACCC487}.Release|x86.Build.0 = Release|Any CPU
		{2A3B588B-F344-4962-9C83-C03C0ACCC487}.Release|x86.Deploy.0 = Release|Any CPU
		{A06C652E-232C-4C2F-AE65-8954ACB36CFF}.Debug|Any CPU.ActiveCfg = Debug|iPhone
		{A06C652E-232C-4C2F-AE65-8954ACB36CFF}.Debug|Any CPU.Build.0 = Debug|iPhone
		{A06C652E-232C-4C2F-AE65-8954ACB36CFF}.Debug|Any CPU.Deploy.0 = Debug|iPhone
		{A06C652E-232C-4C2F-AE65-8954ACB36CFF}.Debug|ARM.ActiveCfg = Debug|iPhone
		{A06C652E-232C-4C2F-AE65-8954ACB36CFF}.Debug|ARM.Build.0 = Debug|iPhone
		{A06C652E-232C-4C2F-AE65-8954ACB36CFF}.Debug|ARM.Deploy.0 = Debug|iPhone
		{A06C652E-232C-4C2F-AE65-8954ACB36CFF}.Debug|iPhone.ActiveCfg = Debug|iPhone
		{A06C652E-232C-4C2F-AE65-8954ACB36CFF}.Debug|iPhone.Build.0 = Debug|iPhone
		{A06C652E-232C-4C2F-AE65-8954ACB36CFF}.Debug|iPhone.Deploy.0 = Debug|iPhone
		{A06C652E-232C-4C2F-AE65-8954ACB36CFF}.Debug|iPhoneSimulator.ActiveCfg = Debug|iPhoneSimulator
		{A06C652E-232C-4C2F-AE65-8954ACB36CFF}.Debug|iPhoneSimulator.Build.0 = Debug|iPhoneSimulator
		{A06C652E-232C-4C2F-AE65-8954ACB36CFF}.Debug|iPhoneSimulator.Deploy.0 = Debug|iPhoneSimulator
		{A06C652E-232C-4C2F-AE65-8954ACB36CFF}.Debug|x64.ActiveCfg = Debug|iPhone
		{A06C652E-232C-4C2F-AE65-8954ACB36CFF}.Debug|x64.Build.0 = Debug|iPhone
		{A06C652E-232C-4C2F-AE65-8954ACB36CFF}.Debug|x64.Deploy.0 = Debug|iPhone
		{A06C652E-232C-4C2F-AE65-8954ACB36CFF}.Debug|x86.ActiveCfg = Debug|iPhone
		{A06C652E-232C-4C2F-AE65-8954ACB36CFF}.Debug|x86.Build.0 = Debug|iPhone
		{A06C652E-232C-4C2F-AE65-8954ACB36CFF}.Debug|x86.Deploy.0 = Debug|iPhone
		{A06C652E-232C-4C2F-AE65-8954ACB36CFF}.Release|Any CPU.ActiveCfg = Release|iPhone
		{A06C652E-232C-4C2F-AE65-8954ACB36CFF}.Release|Any CPU.Build.0 = Release|iPhone
		{A06C652E-232C-4C2F-AE65-8954ACB36CFF}.Release|Any CPU.Deploy.0 = Release|iPhone
		{A06C652E-232C-4C2F-AE65-8954ACB36CFF}.Release|ARM.ActiveCfg = Release|iPhone
		{A06C652E-232C-4C2F-AE65-8954ACB36CFF}.Release|ARM.Build.0 = Release|iPhone
		{A06C652E-232C-4C2F-AE65-8954ACB36CFF}.Release|ARM.Deploy.0 = Release|iPhone
		{A06C652E-232C-4C2F-AE65-8954ACB36CFF}.Release|iPhone.ActiveCfg = Release|iPhone
		{A06C652E-232C-4C2F-AE65-8954ACB36CFF}.Release|iPhone.Build.0 = Release|iPhone
		{A06C652E-232C-4C2F-AE65-8954ACB36CFF}.Release|iPhone.Deploy.0 = Release|iPhone
		{A06C652E-232C-4C2F-AE65-8954ACB36CFF}.Release|iPhoneSimulator.ActiveCfg = Release|iPhoneSimulator
		{A06C652E-232C-4C2F-AE65-8954ACB36CFF}.Release|iPhoneSimulator.Build.0 = Release|iPhoneSimulator
		{A06C652E-232C-4C2F-AE65-8954ACB36CFF}.Release|iPhoneSimulator.Deploy.0 = Release|iPhoneSimulator
		{A06C652E-232C-4C2F-AE65-8954ACB36CFF}.Release|x64.ActiveCfg = Release|iPhone
		{A06C652E-232C-4C2F-AE65-8954ACB36CFF}.Release|x64.Build.0 = Release|iPhone
		{A06C652E-232C-4C2F-AE65-8954ACB36CFF}.Release|x64.Deploy.0 = Release|iPhone
		{A06C652E-232C-4C2F-AE65-8954ACB36CFF}.Release|x86.ActiveCfg = Release|iPhone
		{A06C652E-232C-4C2F-AE65-8954ACB36CFF}.Release|x86.Build.0 = Release|iPhone
		{A06C652E-232C-4C2F-AE65-8954ACB36CFF}.Release|x86.Deploy.0 = Release|iPhone
		{2D076815-9A18-4B26-8254-06C185894B72}.Debug|Any CPU.ActiveCfg = Debug|Any CPU
		{2D076815-9A18-4B26-8254-06C185894B72}.Debug|Any CPU.Build.0 = Debug|Any CPU
		{2D076815-9A18-4B26-8254-06C185894B72}.Debug|Any CPU.Deploy.0 = Debug|Any CPU
		{2D076815-9A18-4B26-8254-06C185894B72}.Debug|ARM.ActiveCfg = Debug|Any CPU
		{2D076815-9A18-4B26-8254-06C185894B72}.Debug|ARM.Build.0 = Debug|Any CPU
		{2D076815-9A18-4B26-8254-06C185894B72}.Debug|ARM.Deploy.0 = Debug|Any CPU
		{2D076815-9A18-4B26-8254-06C185894B72}.Debug|iPhone.ActiveCfg = Debug|Any CPU
		{2D076815-9A18-4B26-8254-06C185894B72}.Debug|iPhone.Build.0 = Debug|Any CPU
		{2D076815-9A18-4B26-8254-06C185894B72}.Debug|iPhone.Deploy.0 = Debug|Any CPU
		{2D076815-9A18-4B26-8254-06C185894B72}.Debug|iPhoneSimulator.ActiveCfg = Debug|Any CPU
		{2D076815-9A18-4B26-8254-06C185894B72}.Debug|iPhoneSimulator.Build.0 = Debug|Any CPU
		{2D076815-9A18-4B26-8254-06C185894B72}.Debug|iPhoneSimulator.Deploy.0 = Debug|Any CPU
		{2D076815-9A18-4B26-8254-06C185894B72}.Debug|x64.ActiveCfg = Debug|Any CPU
		{2D076815-9A18-4B26-8254-06C185894B72}.Debug|x64.Build.0 = Debug|Any CPU
		{2D076815-9A18-4B26-8254-06C185894B72}.Debug|x64.Deploy.0 = Debug|Any CPU
		{2D076815-9A18-4B26-8254-06C185894B72}.Debug|x86.ActiveCfg = Debug|Any CPU
		{2D076815-9A18-4B26-8254-06C185894B72}.Debug|x86.Build.0 = Debug|Any CPU
		{2D076815-9A18-4B26-8254-06C185894B72}.Debug|x86.Deploy.0 = Debug|Any CPU
		{2D076815-9A18-4B26-8254-06C185894B72}.Release|Any CPU.ActiveCfg = Release|Any CPU
		{2D076815-9A18-4B26-8254-06C185894B72}.Release|Any CPU.Build.0 = Release|Any CPU
		{2D076815-9A18-4B26-8254-06C185894B72}.Release|Any CPU.Deploy.0 = Release|Any CPU
		{2D076815-9A18-4B26-8254-06C185894B72}.Release|ARM.ActiveCfg = Release|Any CPU
		{2D076815-9A18-4B26-8254-06C185894B72}.Release|ARM.Build.0 = Release|Any CPU
		{2D076815-9A18-4B26-8254-06C185894B72}.Release|ARM.Deploy.0 = Release|Any CPU
		{2D076815-9A18-4B26-8254-06C185894B72}.Release|iPhone.ActiveCfg = Release|Any CPU
		{2D076815-9A18-4B26-8254-06C185894B72}.Release|iPhone.Build.0 = Release|Any CPU
		{2D076815-9A18-4B26-8254-06C185894B72}.Release|iPhone.Deploy.0 = Release|Any CPU
		{2D076815-9A18-4B26-8254-06C185894B72}.Release|iPhoneSimulator.ActiveCfg = Release|Any CPU
		{2D076815-9A18-4B26-8254-06C185894B72}.Release|iPhoneSimulator.Build.0 = Release|Any CPU
		{2D076815-9A18-4B26-8254-06C185894B72}.Release|iPhoneSimulator.Deploy.0 = Release|Any CPU
		{2D076815-9A18-4B26-8254-06C185894B72}.Release|x64.ActiveCfg = Release|Any CPU
		{2D076815-9A18-4B26-8254-06C185894B72}.Release|x64.Build.0 = Release|Any CPU
		{2D076815-9A18-4B26-8254-06C185894B72}.Release|x64.Deploy.0 = Release|Any CPU
		{2D076815-9A18-4B26-8254-06C185894B72}.Release|x86.ActiveCfg = Release|Any CPU
		{2D076815-9A18-4B26-8254-06C185894B72}.Release|x86.Build.0 = Release|Any CPU
		{2D076815-9A18-4B26-8254-06C185894B72}.Release|x86.Deploy.0 = Release|Any CPU
	EndGlobalSection
	GlobalSection(SolutionProperties) = preSolution
		HideSolutionNode = FALSE
	EndGlobalSection
	GlobalSection(ExtensibilityGlobals) = postSolution
		SolutionGuid = {3774DC88-B9F2-4B85-98AB-B9E1FAC31CE4}
	EndGlobalSection
EndGlobal
